
Microsoft Visual Studio Solution File, Format Version 12.00
# Visual Studio Version 16
VisualStudioVersion = 16.0.31105.61
MinimumVisualStudioVersion = 10.0.40219.1
Project("{FAE04EC0-301F-11D3-BF4B-00C04F79EFBC}") = "TubesGraph", "TubesGraph.csproj", "{4C4AFB81-0F89-4B64-8EBF-B100671D9374}"
EndProject
Global
	GlobalSection(SolutionConfigurationPlatforms) = preSolution
		Debug|Any CPU = Debug|Any CPU
		Release|Any CPU = Release|Any CPU
	EndGlobalSection
	GlobalSection(ProjectConfigurationPlatforms) = postSolution
		{4C4AFB81-0F89-4B64-8EBF-B100671D9374}.Debug|Any CPU.ActiveCfg = Debug|Any CPU
		{4C4AFB81-0F89-4B64-8EBF-B100671D9374}.Debug|Any CPU.Build.0 = Debug|Any CPU
		{4C4AFB81-0F89-4B64-8EBF-B100671D9374}.Release|Any CPU.ActiveCfg = Release|Any CPU
		{4C4AFB81-0F89-4B64-8EBF-B100671D9374}.Release|Any CPU.Build.0 = Release|Any CPU
	EndGlobalSection
	GlobalSection(SolutionProperties) = preSolution
		HideSolutionNode = FALSE
	EndGlobalSection
	GlobalSection(ExtensibilityGlobals) = postSolution
		SolutionGuid = {714DE6D3-E0BC-4233-A7AA-67042D96626B}
	EndGlobalSection
EndGlobal
